#MicroXplorer Configuration settings - do not modify
#Thu Feb 19 19:21:09 EET 2015
File.Version=4
KeepUserPlacement=false
Mcu.Family=STM32F4
Mcu.IP0=DAC
Mcu.IP1=NVIC
Mcu.IP2=RCC
Mcu.IP3=SYS
Mcu.IP4=USART1
Mcu.IPNb=5
Mcu.Name=STM32F405RGTx
Mcu.Package=LQFP64
Mcu.Pin0=PH0-OSC_IN
Mcu.Pin1=PH1-OSC_OUT
Mcu.Pin10=PB11
Mcu.Pin11=PB12
Mcu.Pin12=PB13
Mcu.Pin13=PB14
Mcu.Pin14=PB15
Mcu.Pin15=PA9
Mcu.Pin16=PA10
Mcu.Pin17=PA13
Mcu.Pin18=PA14
Mcu.Pin19=PB3
Mcu.Pin2=PA0-WKUP
Mcu.Pin20=PB4
Mcu.Pin21=PB5
Mcu.Pin22=PB6
Mcu.Pin23=PB7
Mcu.Pin24=PB8
Mcu.Pin25=PB9
Mcu.Pin3=PA1
Mcu.Pin4=PA4
Mcu.Pin5=PA5
Mcu.Pin6=PB0
Mcu.Pin7=PB1
Mcu.Pin8=PB2
Mcu.Pin9=PB10
Mcu.PinsNb=26
Mcu.UserName=STM32F405RGTx
NVIC.PriorityGroup=NVIC_PRIORITYGROUP_0
NVIC.SysTick_IRQn=true\:0\:0
PA0-WKUP.Locked=true
PA0-WKUP.Signal=GPIO_Input
PA1.Locked=true
PA1.Signal=S_TIM2_CH2
PA10.Mode=Asynchronous
PA10.Signal=USART1_RX
PA13.Mode=Trace-Asynchronous_SW
PA13.Signal=SYS_JTMS-SWDIO
PA14.Mode=Trace-Asynchronous_SW
PA14.Signal=SYS_JTCK-SWCLK
PA4.Signal=COMP_DAC1_group
PA5.Signal=COMP_DAC2_group
PA9.Mode=Asynchronous
PA9.Signal=USART1_TX
PB0.Locked=true
PB0.Signal=GPIO_Input
PB1.Locked=true
PB1.Signal=GPIO_Input
PB10.Locked=true
PB10.Signal=GPIO_Input
PB11.Locked=true
PB11.Signal=GPIO_Input
PB12.Locked=true
PB12.Signal=GPIO_Input
PB13.Locked=true
PB13.Signal=GPIO_Input
PB14.Locked=true
PB14.Signal=GPIO_Input
PB15.Locked=true
PB15.Signal=GPIO_Input
PB2.Locked=true
PB2.Signal=GPIO_Input
PB3.Mode=Trace-Asynchronous_SW
PB3.Signal=SYS_JTDO-SWO
PB4.Locked=true
PB4.Signal=GPIO_Input
PB5.Locked=true
PB5.Signal=GPIO_Input
PB6.Locked=true
PB6.Signal=GPIO_Input
PB7.Locked=true
PB7.Signal=GPIO_Input
PB8.Locked=true
PB8.Signal=GPIO_Input
PB9.Locked=true
PB9.Signal=GPIO_Input
PCC.Family=STM32F4
PCC.MCU=STM32F405RGTx
PCC.MXVersion=4.3.0
PCC.PartNumber=STM32F405RGTx
PCC.Seq0=0
PCC.SubFamily=STM32F405/415
PCC.Temperature=25
PCC.Vdd=3.3
PH0-OSC_IN.Locked=true
PH0-OSC_IN.Signal=RCC_OSC_IN
PH1-OSC_OUT.Locked=true
PH1-OSC_OUT.Signal=RCC_OSC_OUT
RCC.FamilyName=M
RCC.HSE_VALUE=25000000
RCC.HSI_VALUE=16000000
RCC.IPParameters=,FamilyName,LSE_VALUE,HSE_VALUE,HSI_VALUE,LSI_VALUE
RCC.LSE_VALUE=32768
RCC.LSI_VALUE=32000
SH.COMP_DAC1_group.0=DAC_OUT1,DAC_OUT1
SH.COMP_DAC1_group.ConfNb=1
SH.COMP_DAC2_group.0=DAC_OUT2,DAC_OUT2
SH.COMP_DAC2_group.ConfNb=1
SH.S_TIM2_CH2.0=TIM2_CH2
SH.S_TIM2_CH2.ConfNb=1
